// !$*UTF8*$!
{
	archiveVersion = 1;
	classes = {
	};
	objectVersion = 46;
	objects = {

/* Begin PBXAggregateTarget section */
		0E04AD221D5A261A00A34072 /* Documentation */ = {
			isa = PBXAggregateTarget;
			buildConfigurationList = 0E04AD231D5A261A00A34072 /* Build configuration list for PBXAggregateTarget "Documentation" */;
			buildPhases = (
				0E04AD261D5A262800A34072 /* ShellScript */,
			);
			dependencies = (
			);
			name = Documentation;
			productName = Documentation;
		};
/* End PBXAggregateTarget section */

/* Begin PBXBuildFile section */
		0E4B79291DC37CA9005800F5 /* GravityClient.m in Sources */ = {isa = PBXBuildFile; fileRef = 0E4B79181DC37CA9005800F5 /* GravityClient.m */; };
		0E4B792A1DC37CA9005800F5 /* GravityEvent.m in Sources */ = {isa = PBXBuildFile; fileRef = 0E4B791A1DC37CA9005800F5 /* GravityEvent.m */; };
		0E4B792B1DC37CA9005800F5 /* GravityItem.m in Sources */ = {isa = PBXBuildFile; fileRef = 0E4B791C1DC37CA9005800F5 /* GravityItem.m */; };
		0E4B792C1DC37CA9005800F5 /* GravityItemRecommendation.m in Sources */ = {isa = PBXBuildFile; fileRef = 0E4B791E1DC37CA9005800F5 /* GravityItemRecommendation.m */; };
		0E4B792D1DC37CA9005800F5 /* GravityNameValue.m in Sources */ = {isa = PBXBuildFile; fileRef = 0E4B79201DC37CA9005800F5 /* GravityNameValue.m */; };
		0E4B792E1DC37CA9005800F5 /* GravityRecommendationContext.m in Sources */ = {isa = PBXBuildFile; fileRef = 0E4B79221DC37CA9005800F5 /* GravityRecommendationContext.m */; };
		0E4B792F1DC37CA9005800F5 /* GravityRequest.m in Sources */ = {isa = PBXBuildFile; fileRef = 0E4B79241DC37CA9005800F5 /* GravityRequest.m */; };
		0E4B79301DC37CA9005800F5 /* GravityScenarioInfo.m in Sources */ = {isa = PBXBuildFile; fileRef = 0E4B79261DC37CA9005800F5 /* GravityScenarioInfo.m */; };
		0E4B79311DC37CA9005800F5 /* GravityUser.m in Sources */ = {isa = PBXBuildFile; fileRef = 0E4B79281DC37CA9005800F5 /* GravityUser.m */; };
		0E6B56E71DCA050E00C628CB /* AddItemViewController.m in Sources */ = {isa = PBXBuildFile; fileRef = 0E6B56DE1DCA050E00C628CB /* AddItemViewController.m */; };
		0E6B56E81DCA050E00C628CB /* AppDelegate.m in Sources */ = {isa = PBXBuildFile; fileRef = 0E6B56E01DCA050E00C628CB /* AppDelegate.m */; };
		0E6B56E91DCA050E00C628CB /* RecommendationViewController.m in Sources */ = {isa = PBXBuildFile; fileRef = 0E6B56E21DCA050E00C628CB /* RecommendationViewController.m */; };
		0E6B56EA1DCA050E00C628CB /* SearchViewController.m in Sources */ = {isa = PBXBuildFile; fileRef = 0E6B56E41DCA050E00C628CB /* SearchViewController.m */; };
		0E6B56EB1DCA050E00C628CB /* ViewController.m in Sources */ = {isa = PBXBuildFile; fileRef = 0E6B56E61DCA050E00C628CB /* ViewController.m */; };
		0E6B56F21DCA053000C628CB /* Default-568h@2x.png in Resources */ = {isa = PBXBuildFile; fileRef = 0E6B56EC1DCA053000C628CB /* Default-568h@2x.png */; };
		0E6B56F31DCA053000C628CB /* Default.png in Resources */ = {isa = PBXBuildFile; fileRef = 0E6B56ED1DCA053000C628CB /* Default.png */; };
		0E6B56F41DCA053000C628CB /* Default@2x.png in Resources */ = {isa = PBXBuildFile; fileRef = 0E6B56EE1DCA053000C628CB /* Default@2x.png */; };
		0E6B56F51DCA053000C628CB /* GravityClientDemoApp-Info.plist in Resources */ = {isa = PBXBuildFile; fileRef = 0E6B56EF1DCA053000C628CB /* GravityClientDemoApp-Info.plist */; };
		0E6B56F61DCA053000C628CB /* main.m in Sources */ = {isa = PBXBuildFile; fileRef = 0E6B56F11DCA053000C628CB /* main.m */; };
		0E6B56F91DCA055C00C628CB /* InfoPlist.strings in Resources */ = {isa = PBXBuildFile; fileRef = 0E6B56F71DCA055C00C628CB /* InfoPlist.strings */; };
		0E6B56FC1DCA056300C628CB /* MainStoryboard.storyboard in Resources */ = {isa = PBXBuildFile; fileRef = 0E6B56FA1DCA056300C628CB /* MainStoryboard.storyboard */; };
		0E7C700A1DE447D000C3D242 /* AppledocSettings.plist in Resources */ = {isa = PBXBuildFile; fileRef = 0E7C70091DE447D000C3D242 /* AppledocSettings.plist */; };
		98AC4E29179681B1000A4F93 /* UIKit.framework in Frameworks */ = {isa = PBXBuildFile; fileRef = 98AC4E28179681B1000A4F93 /* UIKit.framework */; };
		98AC4E2B179681B1000A4F93 /* Foundation.framework in Frameworks */ = {isa = PBXBuildFile; fileRef = 98AC4E2A179681B1000A4F93 /* Foundation.framework */; };
		98AC4E2D179681B1000A4F93 /* CoreGraphics.framework in Frameworks */ = {isa = PBXBuildFile; fileRef = 98AC4E2C179681B1000A4F93 /* CoreGraphics.framework */; };
		98AC4E6617968E78000A4F93 /* CoreLocation.framework in Frameworks */ = {isa = PBXBuildFile; fileRef = 98AC4E6517968E78000A4F93 /* CoreLocation.framework */; };
/* End PBXBuildFile section */

/* Begin PBXFileReference section */
		0E4B79161DC37CA9005800F5 /* GravityClient-Prefix.pch */ = {isa = PBXFileReference; fileEncoding = 4; lastKnownFileType = sourcecode.c.h; name = "GravityClient-Prefix.pch"; path = "GravityClient/GravityClient-Prefix.pch"; sourceTree = "<group>"; };
		0E4B79171DC37CA9005800F5 /* GravityClient.h */ = {isa = PBXFileReference; fileEncoding = 4; lastKnownFileType = sourcecode.c.h; name = GravityClient.h; path = GravityClient/GravityClient.h; sourceTree = "<group>"; };
		0E4B79181DC37CA9005800F5 /* GravityClient.m */ = {isa = PBXFileReference; fileEncoding = 4; lastKnownFileType = sourcecode.c.objc; name = GravityClient.m; path = GravityClient/GravityClient.m; sourceTree = "<group>"; };
		0E4B79191DC37CA9005800F5 /* GravityEvent.h */ = {isa = PBXFileReference; fileEncoding = 4; lastKnownFileType = sourcecode.c.h; name = GravityEvent.h; path = GravityClient/GravityEvent.h; sourceTree = "<group>"; };
		0E4B791A1DC37CA9005800F5 /* GravityEvent.m */ = {isa = PBXFileReference; fileEncoding = 4; lastKnownFileType = sourcecode.c.objc; name = GravityEvent.m; path = GravityClient/GravityEvent.m; sourceTree = "<group>"; };
		0E4B791B1DC37CA9005800F5 /* GravityItem.h */ = {isa = PBXFileReference; fileEncoding = 4; lastKnownFileType = sourcecode.c.h; name = GravityItem.h; path = GravityClient/GravityItem.h; sourceTree = "<group>"; };
		0E4B791C1DC37CA9005800F5 /* GravityItem.m */ = {isa = PBXFileReference; fileEncoding = 4; lastKnownFileType = sourcecode.c.objc; name = GravityItem.m; path = GravityClient/GravityItem.m; sourceTree = "<group>"; };
		0E4B791D1DC37CA9005800F5 /* GravityItemRecommendation.h */ = {isa = PBXFileReference; fileEncoding = 4; lastKnownFileType = sourcecode.c.h; name = GravityItemRecommendation.h; path = GravityClient/GravityItemRecommendation.h; sourceTree = "<group>"; };
		0E4B791E1DC37CA9005800F5 /* GravityItemRecommendation.m */ = {isa = PBXFileReference; fileEncoding = 4; lastKnownFileType = sourcecode.c.objc; name = GravityItemRecommendation.m; path = GravityClient/GravityItemRecommendation.m; sourceTree = "<group>"; };
		0E4B791F1DC37CA9005800F5 /* GravityNameValue.h */ = {isa = PBXFileReference; fileEncoding = 4; lastKnownFileType = sourcecode.c.h; name = GravityNameValue.h; path = GravityClient/GravityNameValue.h; sourceTree = "<group>"; };
		0E4B79201DC37CA9005800F5 /* GravityNameValue.m */ = {isa = PBXFileReference; fileEncoding = 4; lastKnownFileType = sourcecode.c.objc; name = GravityNameValue.m; path = GravityClient/GravityNameValue.m; sourceTree = "<group>"; };
		0E4B79211DC37CA9005800F5 /* GravityRecommendationContext.h */ = {isa = PBXFileReference; fileEncoding = 4; lastKnownFileType = sourcecode.c.h; name = GravityRecommendationContext.h; path = GravityClient/GravityRecommendationContext.h; sourceTree = "<group>"; };
		0E4B79221DC37CA9005800F5 /* GravityRecommendationContext.m */ = {isa = PBXFileReference; fileEncoding = 4; lastKnownFileType = sourcecode.c.objc; name = GravityRecommendationContext.m; path = GravityClient/GravityRecommendationContext.m; sourceTree = "<group>"; };
		0E4B79231DC37CA9005800F5 /* GravityRequest.h */ = {isa = PBXFileReference; fileEncoding = 4; lastKnownFileType = sourcecode.c.h; name = GravityRequest.h; path = GravityClient/GravityRequest.h; sourceTree = "<group>"; };
		0E4B79241DC37CA9005800F5 /* GravityRequest.m */ = {isa = PBXFileReference; fileEncoding = 4; lastKnownFileType = sourcecode.c.objc; name = GravityRequest.m; path = GravityClient/GravityRequest.m; sourceTree = "<group>"; };
		0E4B79251DC37CA9005800F5 /* GravityScenarioInfo.h */ = {isa = PBXFileReference; fileEncoding = 4; lastKnownFileType = sourcecode.c.h; name = GravityScenarioInfo.h; path = GravityClient/GravityScenarioInfo.h; sourceTree = "<group>"; };
		0E4B79261DC37CA9005800F5 /* GravityScenarioInfo.m */ = {isa = PBXFileReference; fileEncoding = 4; lastKnownFileType = sourcecode.c.objc; name = GravityScenarioInfo.m; path = GravityClient/GravityScenarioInfo.m; sourceTree = "<group>"; };
		0E4B79271DC37CA9005800F5 /* GravityUser.h */ = {isa = PBXFileReference; fileEncoding = 4; lastKnownFileType = sourcecode.c.h; name = GravityUser.h; path = GravityClient/GravityUser.h; sourceTree = "<group>"; };
		0E4B79281DC37CA9005800F5 /* GravityUser.m */ = {isa = PBXFileReference; fileEncoding = 4; lastKnownFileType = sourcecode.c.objc; name = GravityUser.m; path = GravityClient/GravityUser.m; sourceTree = "<group>"; };
		0E6B56DD1DCA050E00C628CB /* AddItemViewController.h */ = {isa = PBXFileReference; fileEncoding = 4; lastKnownFileType = sourcecode.c.h; name = AddItemViewController.h; path = GravityClientDemoApp/AddItemViewController.h; sourceTree = SOURCE_ROOT; };
		0E6B56DE1DCA050E00C628CB /* AddItemViewController.m */ = {isa = PBXFileReference; fileEncoding = 4; lastKnownFileType = sourcecode.c.objc; name = AddItemViewController.m; path = GravityClientDemoApp/AddItemViewController.m; sourceTree = SOURCE_ROOT; };
		0E6B56DF1DCA050E00C628CB /* AppDelegate.h */ = {isa = PBXFileReference; fileEncoding = 4; lastKnownFileType = sourcecode.c.h; name = AppDelegate.h; path = GravityClientDemoApp/AppDelegate.h; sourceTree = SOURCE_ROOT; };
		0E6B56E01DCA050E00C628CB /* AppDelegate.m */ = {isa = PBXFileReference; fileEncoding = 4; lastKnownFileType = sourcecode.c.objc; name = AppDelegate.m; path = GravityClientDemoApp/AppDelegate.m; sourceTree = SOURCE_ROOT; };
		0E6B56E11DCA050E00C628CB /* RecommendationViewController.h */ = {isa = PBXFileReference; fileEncoding = 4; lastKnownFileType = sourcecode.c.h; name = RecommendationViewController.h; path = GravityClientDemoApp/RecommendationViewController.h; sourceTree = SOURCE_ROOT; };
		0E6B56E21DCA050E00C628CB /* RecommendationViewController.m */ = {isa = PBXFileReference; fileEncoding = 4; lastKnownFileType = sourcecode.c.objc; name = RecommendationViewController.m; path = GravityClientDemoApp/RecommendationViewController.m; sourceTree = SOURCE_ROOT; };
		0E6B56E31DCA050E00C628CB /* SearchViewController.h */ = {isa = PBXFileReference; fileEncoding = 4; lastKnownFileType = sourcecode.c.h; name = SearchViewController.h; path = GravityClientDemoApp/SearchViewController.h; sourceTree = SOURCE_ROOT; };
		0E6B56E41DCA050E00C628CB /* SearchViewController.m */ = {isa = PBXFileReference; fileEncoding = 4; lastKnownFileType = sourcecode.c.objc; name = SearchViewController.m; path = GravityClientDemoApp/SearchViewController.m; sourceTree = SOURCE_ROOT; };
		0E6B56E51DCA050E00C628CB /* ViewController.h */ = {isa = PBXFileReference; fileEncoding = 4; lastKnownFileType = sourcecode.c.h; name = ViewController.h; path = GravityClientDemoApp/ViewController.h; sourceTree = SOURCE_ROOT; };
		0E6B56E61DCA050E00C628CB /* ViewController.m */ = {isa = PBXFileReference; fileEncoding = 4; lastKnownFileType = sourcecode.c.objc; name = ViewController.m; path = GravityClientDemoApp/ViewController.m; sourceTree = SOURCE_ROOT; };
		0E6B56EC1DCA053000C628CB /* Default-568h@2x.png */ = {isa = PBXFileReference; lastKnownFileType = image.png; name = "Default-568h@2x.png"; path = "GravityClientDemoApp/Default-568h@2x.png"; sourceTree = SOURCE_ROOT; };
		0E6B56ED1DCA053000C628CB /* Default.png */ = {isa = PBXFileReference; lastKnownFileType = image.png; name = Default.png; path = GravityClientDemoApp/Default.png; sourceTree = SOURCE_ROOT; };
		0E6B56EE1DCA053000C628CB /* Default@2x.png */ = {isa = PBXFileReference; lastKnownFileType = image.png; name = "Default@2x.png"; path = "GravityClientDemoApp/Default@2x.png"; sourceTree = SOURCE_ROOT; };
		0E6B56EF1DCA053000C628CB /* GravityClientDemoApp-Info.plist */ = {isa = PBXFileReference; fileEncoding = 4; lastKnownFileType = text.plist.xml; name = "GravityClientDemoApp-Info.plist"; path = "GravityClientDemoApp/GravityClientDemoApp-Info.plist"; sourceTree = SOURCE_ROOT; };
		0E6B56F01DCA053000C628CB /* GravityClientDemoApp-Prefix.pch */ = {isa = PBXFileReference; fileEncoding = 4; lastKnownFileType = sourcecode.c.h; name = "GravityClientDemoApp-Prefix.pch"; path = "GravityClientDemoApp/GravityClientDemoApp-Prefix.pch"; sourceTree = SOURCE_ROOT; };
		0E6B56F11DCA053000C628CB /* main.m */ = {isa = PBXFileReference; fileEncoding = 4; lastKnownFileType = sourcecode.c.objc; name = main.m; path = GravityClientDemoApp/main.m; sourceTree = SOURCE_ROOT; };
		0E6B56F81DCA055C00C628CB /* en */ = {isa = PBXFileReference; lastKnownFileType = text.plist.strings; name = en; path = GravityClientDemoApp/en.lproj/InfoPlist.strings; sourceTree = SOURCE_ROOT; };
		0E6B56FB1DCA056300C628CB /* en */ = {isa = PBXFileReference; lastKnownFileType = file.storyboard; name = en; path = GravityClientDemoApp/en.lproj/MainStoryboard.storyboard; sourceTree = SOURCE_ROOT; };
		0E7C70091DE447D000C3D242 /* AppledocSettings.plist */ = {isa = PBXFileReference; fileEncoding = 4; lastKnownFileType = text.plist.xml; path = AppledocSettings.plist; sourceTree = "<group>"; };
		98AC4E25179681B1000A4F93 /* GravityClientDemoApp.app */ = {isa = PBXFileReference; explicitFileType = wrapper.application; includeInIndex = 0; path = GravityClientDemoApp.app; sourceTree = BUILT_PRODUCTS_DIR; };
		98AC4E28179681B1000A4F93 /* UIKit.framework */ = {isa = PBXFileReference; lastKnownFileType = wrapper.framework; name = UIKit.framework; path = System/Library/Frameworks/UIKit.framework; sourceTree = SDKROOT; };
		98AC4E2A179681B1000A4F93 /* Foundation.framework */ = {isa = PBXFileReference; lastKnownFileType = wrapper.framework; name = Foundation.framework; path = System/Library/Frameworks/Foundation.framework; sourceTree = SDKROOT; };
		98AC4E2C179681B1000A4F93 /* CoreGraphics.framework */ = {isa = PBXFileReference; lastKnownFileType = wrapper.framework; name = CoreGraphics.framework; path = System/Library/Frameworks/CoreGraphics.framework; sourceTree = SDKROOT; };
		98AC4E6517968E78000A4F93 /* CoreLocation.framework */ = {isa = PBXFileReference; lastKnownFileType = wrapper.framework; name = CoreLocation.framework; path = System/Library/Frameworks/CoreLocation.framework; sourceTree = SDKROOT; };
/* End PBXFileReference section */

/* Begin PBXFrameworksBuildPhase section */
		98AC4E22179681B1000A4F93 /* Frameworks */ = {
			isa = PBXFrameworksBuildPhase;
			buildActionMask = 2147483647;
			files = (
				98AC4E6617968E78000A4F93 /* CoreLocation.framework in Frameworks */,
				98AC4E29179681B1000A4F93 /* UIKit.framework in Frameworks */,
				98AC4E2B179681B1000A4F93 /* Foundation.framework in Frameworks */,
				98AC4E2D179681B1000A4F93 /* CoreGraphics.framework in Frameworks */,
			);
			runOnlyForDeploymentPostprocessing = 0;
		};
/* End PBXFrameworksBuildPhase section */

/* Begin PBXGroup section */
		0E4B79051DC37BCC005800F5 /* GravityClient */ = {
			isa = PBXGroup;
			children = (
				0E4B79161DC37CA9005800F5 /* GravityClient-Prefix.pch */,
				0E4B79171DC37CA9005800F5 /* GravityClient.h */,
				0E4B79181DC37CA9005800F5 /* GravityClient.m */,
				0E4B79191DC37CA9005800F5 /* GravityEvent.h */,
				0E4B791A1DC37CA9005800F5 /* GravityEvent.m */,
				0E4B791B1DC37CA9005800F5 /* GravityItem.h */,
				0E4B791C1DC37CA9005800F5 /* GravityItem.m */,
				0E4B791D1DC37CA9005800F5 /* GravityItemRecommendation.h */,
				0E4B791E1DC37CA9005800F5 /* GravityItemRecommendation.m */,
				0E4B791F1DC37CA9005800F5 /* GravityNameValue.h */,
				0E4B79201DC37CA9005800F5 /* GravityNameValue.m */,
				0E4B79211DC37CA9005800F5 /* GravityRecommendationContext.h */,
				0E4B79221DC37CA9005800F5 /* GravityRecommendationContext.m */,
				0E4B79231DC37CA9005800F5 /* GravityRequest.h */,
				0E4B79241DC37CA9005800F5 /* GravityRequest.m */,
				0E4B79251DC37CA9005800F5 /* GravityScenarioInfo.h */,
				0E4B79261DC37CA9005800F5 /* GravityScenarioInfo.m */,
				0E4B79271DC37CA9005800F5 /* GravityUser.h */,
				0E4B79281DC37CA9005800F5 /* GravityUser.m */,
			);
			name = GravityClient;
			sourceTree = "<group>";
		};
		98AC4E1C179681B1000A4F93 = {
			isa = PBXGroup;
			children = (
				0E7C70091DE447D000C3D242 /* AppledocSettings.plist */,
				0E4B79051DC37BCC005800F5 /* GravityClient */,
				98AC4E2E179681B1000A4F93 /* GravityClientDemoApp */,
				98AC4E27179681B1000A4F93 /* Frameworks */,
				98AC4E26179681B1000A4F93 /* Products */,
			);
			sourceTree = "<group>";
		};
		98AC4E26179681B1000A4F93 /* Products */ = {
			isa = PBXGroup;
			children = (
				98AC4E25179681B1000A4F93 /* GravityClientDemoApp.app */,
			);
			name = Products;
			sourceTree = "<group>";
		};
		98AC4E27179681B1000A4F93 /* Frameworks */ = {
			isa = PBXGroup;
			children = (
				98AC4E6517968E78000A4F93 /* CoreLocation.framework */,
				98AC4E28179681B1000A4F93 /* UIKit.framework */,
				98AC4E2A179681B1000A4F93 /* Foundation.framework */,
				98AC4E2C179681B1000A4F93 /* CoreGraphics.framework */,
			);
			name = Frameworks;
			sourceTree = "<group>";
		};
		98AC4E2E179681B1000A4F93 /* GravityClientDemoApp */ = {
			isa = PBXGroup;
			children = (
				0E6B56FA1DCA056300C628CB /* MainStoryboard.storyboard */,
				0E6B56DD1DCA050E00C628CB /* AddItemViewController.h */,
				0E6B56DE1DCA050E00C628CB /* AddItemViewController.m */,
				0E6B56DF1DCA050E00C628CB /* AppDelegate.h */,
				0E6B56E01DCA050E00C628CB /* AppDelegate.m */,
				0E6B56E11DCA050E00C628CB /* RecommendationViewController.h */,
				0E6B56E21DCA050E00C628CB /* RecommendationViewController.m */,
				0E6B56E31DCA050E00C628CB /* SearchViewController.h */,
				0E6B56E41DCA050E00C628CB /* SearchViewController.m */,
				0E6B56E51DCA050E00C628CB /* ViewController.h */,
				0E6B56E61DCA050E00C628CB /* ViewController.m */,
				98AC4E2F179681B1000A4F93 /* Supporting Files */,
			);
			name = GravityClientDemoApp;
			path = "/Users/gravity/Downloads/gravity-ios-library-demo-app 4/GravityClientDemoApp";
			sourceTree = "<absolute>";
		};
		98AC4E2F179681B1000A4F93 /* Supporting Files */ = {
			isa = PBXGroup;
			children = (
				0E6B56F71DCA055C00C628CB /* InfoPlist.strings */,
				0E6B56EC1DCA053000C628CB /* Default-568h@2x.png */,
				0E6B56ED1DCA053000C628CB /* Default.png */,
				0E6B56EE1DCA053000C628CB /* Default@2x.png */,
				0E6B56EF1DCA053000C628CB /* GravityClientDemoApp-Info.plist */,
				0E6B56F01DCA053000C628CB /* GravityClientDemoApp-Prefix.pch */,
				0E6B56F11DCA053000C628CB /* main.m */,
			);
			name = "Supporting Files";
			sourceTree = "<group>";
		};
/* End PBXGroup section */

/* Begin PBXNativeTarget section */
		98AC4E24179681B1000A4F93 /* GravityClientDemoApp */ = {
			isa = PBXNativeTarget;
			buildConfigurationList = 98AC4E48179681B1000A4F93 /* Build configuration list for PBXNativeTarget "GravityClientDemoApp" */;
			buildPhases = (
				98AC4E21179681B1000A4F93 /* Sources */,
				98AC4E22179681B1000A4F93 /* Frameworks */,
				98AC4E23179681B1000A4F93 /* Resources */,
			);
			buildRules = (
			);
			dependencies = (
			);
			name = GravityClientDemoApp;
			productName = GravityClientDemoApp;
			productReference = 98AC4E25179681B1000A4F93 /* GravityClientDemoApp.app */;
			productType = "com.apple.product-type.application";
		};
/* End PBXNativeTarget section */

/* Begin PBXProject section */
		98AC4E1D179681B1000A4F93 /* Project object */ = {
			isa = PBXProject;
			attributes = {
				LastUpgradeCheck = 0730;
				ORGANIZATIONNAME = "Gravity R&D";
				TargetAttributes = {
					0E04AD221D5A261A00A34072 = {
						CreatedOnToolsVersion = 7.3.1;
					};
					98AC4E24179681B1000A4F93 = {
						SystemCapabilities = {
							com.apple.BackgroundModes = {
								enabled = 0;
							};
						};
					};
				};
			};
			buildConfigurationList = 98AC4E20179681B1000A4F93 /* Build configuration list for PBXProject "GravityClientDemoApp" */;
			compatibilityVersion = "Xcode 3.2";
			developmentRegion = English;
			hasScannedForEncodings = 0;
			knownRegions = (
				en,
			);
			mainGroup = 98AC4E1C179681B1000A4F93;
			productRefGroup = 98AC4E26179681B1000A4F93 /* Products */;
			projectDirPath = "";
			projectRoot = "";
			targets = (
				98AC4E24179681B1000A4F93 /* GravityClientDemoApp */,
				0E04AD221D5A261A00A34072 /* Documentation */,
			);
		};
/* End PBXProject section */

/* Begin PBXResourcesBuildPhase section */
		98AC4E23179681B1000A4F93 /* Resources */ = {
			isa = PBXResourcesBuildPhase;
			buildActionMask = 2147483647;
			files = (
				0E6B56FC1DCA056300C628CB /* MainStoryboard.storyboard in Resources */,
				0E6B56F41DCA053000C628CB /* Default@2x.png in Resources */,
				0E7C700A1DE447D000C3D242 /* AppledocSettings.plist in Resources */,
				0E6B56F31DCA053000C628CB /* Default.png in Resources */,
				0E6B56F21DCA053000C628CB /* Default-568h@2x.png in Resources */,
				0E6B56F51DCA053000C628CB /* GravityClientDemoApp-Info.plist in Resources */,
				0E6B56F91DCA055C00C628CB /* InfoPlist.strings in Resources */,
			);
			runOnlyForDeploymentPostprocessing = 0;
		};
/* End PBXResourcesBuildPhase section */

/* Begin PBXShellScriptBuildPhase section */
		0E04AD261D5A262800A34072 /* ShellScript */ = {
			isa = PBXShellScriptBuildPhase;
			buildActionMask = 12;
			files = (
			);
			inputPaths = (
				"$(SRCROOT)/AppledocSettings.plist",
			);
			outputPaths = (
			);
			runOnlyForDeploymentPostprocessing = 0;
			shellPath = /usr/bin/xcrun;
			shellScript = "--project-name \"GravityClient\" \\\n--project-company \"Gravity R&D\" \\\n--company-id \"com.gravityrd\" \\\n--output \"./doc\" \\\n--keep-intermediate-files \\\n--install-docset \\\n--logformat xcode \\\n--keep-merged-sections \\\n--keep-undocumented-objects \\\n--keep-undocumented-members \\\n--no-repeat-first-par \\\n--no-warn-invalid-crossref \\\n--merge-categories \\\n--exit-threshold 2 \\\n--docset-platform-family iphoneos \\\n--ignore \"\" \\\n\"~/GravityClientDemoApp\"";
		};
/* End PBXShellScriptBuildPhase section */

/* Begin PBXSourcesBuildPhase section */
		98AC4E21179681B1000A4F93 /* Sources */ = {
			isa = PBXSourcesBuildPhase;
			buildActionMask = 2147483647;
			files = (
				0E4B792A1DC37CA9005800F5 /* GravityEvent.m in Sources */,
				0E6B56E71DCA050E00C628CB /* AddItemViewController.m in Sources */,
				0E4B792F1DC37CA9005800F5 /* GravityRequest.m in Sources */,
				0E4B792D1DC37CA9005800F5 /* GravityNameValue.m in Sources */,
				0E4B79311DC37CA9005800F5 /* GravityUser.m in Sources */,
				0E6B56E91DCA050E00C628CB /* RecommendationViewController.m in Sources */,
				0E6B56F61DCA053000C628CB /* main.m in Sources */,
				0E6B56EA1DCA050E00C628CB /* SearchViewController.m in Sources */,
				0E4B792C1DC37CA9005800F5 /* GravityItemRecommendation.m in Sources */,
				0E4B79291DC37CA9005800F5 /* GravityClient.m in Sources */,
				0E6B56EB1DCA050E00C628CB /* ViewController.m in Sources */,
				0E6B56E81DCA050E00C628CB /* AppDelegate.m in Sources */,
				0E4B792E1DC37CA9005800F5 /* GravityRecommendationContext.m in Sources */,
				0E4B792B1DC37CA9005800F5 /* GravityItem.m in Sources */,
				0E4B79301DC37CA9005800F5 /* GravityScenarioInfo.m in Sources */,
			);
			runOnlyForDeploymentPostprocessing = 0;
		};
/* End PBXSourcesBuildPhase section */

/* Begin PBXVariantGroup section */
		0E6B56F71DCA055C00C628CB /* InfoPlist.strings */ = {
			isa = PBXVariantGroup;
			children = (
				0E6B56F81DCA055C00C628CB /* en */,
			);
			name = InfoPlist.strings;
			sourceTree = "<group>";
		};
		0E6B56FA1DCA056300C628CB /* MainStoryboard.storyboard */ = {
			isa = PBXVariantGroup;
			children = (
				0E6B56FB1DCA056300C628CB /* en */,
			);
			name = MainStoryboard.storyboard;
			sourceTree = "<group>";
		};
/* End PBXVariantGroup section */

/* Begin XCBuildConfiguration section */
		0E04AD241D5A261A00A34072 /* Debug */ = {
			isa = XCBuildConfiguration;
			buildSettings = {
				PRODUCT_NAME = "$(TARGET_NAME)";
			};
			name = Debug;
		};
		0E04AD251D5A261A00A34072 /* Release */ = {
			isa = XCBuildConfiguration;
			buildSettings = {
				PRODUCT_NAME = "$(TARGET_NAME)";
			};
			name = Release;
		};
		98AC4E46179681B1000A4F93 /* Debug */ = {
			isa = XCBuildConfiguration;
			buildSettings = {
				ALWAYS_SEARCH_USER_PATHS = NO;
				CLANG_CXX_LANGUAGE_STANDARD = "gnu++0x";
				CLANG_CXX_LIBRARY = "libc++";
				CLANG_ENABLE_OBJC_ARC = YES;
				CLANG_WARN_CONSTANT_CONVERSION = YES;
				CLANG_WARN_EMPTY_BODY = YES;
				CLANG_WARN_ENUM_CONVERSION = YES;
				CLANG_WARN_INT_CONVERSION = YES;
				CLANG_WARN__DUPLICATE_METHOD_MATCH = YES;
				"CODE_SIGN_IDENTITY[sdk=iphoneos*]" = "iPhone Developer";
				COPY_PHASE_STRIP = NO;
				ENABLE_TESTABILITY = YES;
				GCC_C_LANGUAGE_STANDARD = gnu99;
				GCC_DYNAMIC_NO_PIC = NO;
				GCC_OPTIMIZATION_LEVEL = 0;
				GCC_PREPROCESSOR_DEFINITIONS = (
					"DEBUG=1",
					"$(inherited)",
				);
				GCC_SYMBOLS_PRIVATE_EXTERN = NO;
				GCC_WARN_ABOUT_RETURN_TYPE = YES;
				GCC_WARN_UNINITIALIZED_AUTOS = YES;
				GCC_WARN_UNUSED_VARIABLE = YES;
				GENERATE_MASTER_OBJECT_FILE = NO;
				IPHONEOS_DEPLOYMENT_TARGET = 6.1;
				ONLY_ACTIVE_ARCH = YES;
				SDKROOT = iphoneos;
			};
			name = Debug;
		};
		98AC4E47179681B1000A4F93 /* Release */ = {
			isa = XCBuildConfiguration;
			buildSettings = {
				ALWAYS_SEARCH_USER_PATHS = NO;
				CLANG_CXX_LANGUAGE_STANDARD = "gnu++0x";
				CLANG_CXX_LIBRARY = "libc++";
				CLANG_ENABLE_OBJC_ARC = YES;
				CLANG_WARN_CONSTANT_CONVERSION = YES;
				CLANG_WARN_EMPTY_BODY = YES;
				CLANG_WARN_ENUM_CONVERSION = YES;
				CLANG_WARN_INT_CONVERSION = YES;
				CLANG_WARN__DUPLICATE_METHOD_MATCH = YES;
				"CODE_SIGN_IDENTITY[sdk=iphoneos*]" = "iPhone Developer";
				COPY_PHASE_STRIP = YES;
				GCC_C_LANGUAGE_STANDARD = gnu99;
				GCC_WARN_ABOUT_RETURN_TYPE = YES;
				GCC_WARN_UNINITIALIZED_AUTOS = YES;
				GCC_WARN_UNUSED_VARIABLE = YES;
				GENERATE_MASTER_OBJECT_FILE = NO;
				IPHONEOS_DEPLOYMENT_TARGET = 6.1;
				OTHER_CFLAGS = "-DNS_BLOCK_ASSERTIONS=1";
				SDKROOT = iphoneos;
				VALIDATE_PRODUCT = YES;
			};
			name = Release;
		};
		98AC4E49179681B1000A4F93 /* Debug */ = {
			isa = XCBuildConfiguration;
			buildSettings = {
				GCC_PRECOMPILE_PREFIX_HEADER = YES;
				GCC_PREFIX_HEADER = "GravityClientDemoApp/GravityClientDemoApp-Prefix.pch";
				INFOPLIST_FILE = "GravityClientDemoApp/GravityClientDemoApp-Info.plist";
				LIBRARY_SEARCH_PATHS = (
					"$(inherited)",
					"/Users/gravity/Downloads/ios-library-master",
					"$(PROJECT_DIR)",
				);
				PRODUCT_BUNDLE_IDENTIFIER = "com.gravityrd.${PRODUCT_NAME:rfc1034identifier}";
				PRODUCT_NAME = "$(TARGET_NAME)";
				TARGETED_DEVICE_FAMILY = 1;
				USER_HEADER_SEARCH_PATHS = "$(BUILT_PRODUCTS_DIR)";
				WRAPPER_EXTENSION = app;
			};
			name = Debug;
		};
		98AC4E4A179681B1000A4F93 /* Release */ = {
			isa = XCBuildConfiguration;
			buildSettings = {
				GCC_PRECOMPILE_PREFIX_HEADER = YES;
				GCC_PREFIX_HEADER = "GravityClientDemoApp/GravityClientDemoApp-Prefix.pch";
				INFOPLIST_FILE = "GravityClientDemoApp/GravityClientDemoApp-Info.plist";
				LIBRARY_SEARCH_PATHS = (
					"$(inherited)",
					"/Users/gravity/Downloads/ios-library-master",
					"$(PROJECT_DIR)",
				);
				PRODUCT_BUNDLE_IDENTIFIER = "com.gravityrd.${PRODUCT_NAME:rfc1034identifier}";
				PRODUCT_NAME = "$(TARGET_NAME)";
				TARGETED_DEVICE_FAMILY = 1;
				USER_HEADER_SEARCH_PATHS = "$(BUILT_PRODUCTS_DIR)";
				WRAPPER_EXTENSION = app;
			};
			name = Release;
		};
/* End XCBuildConfiguration section */

/* Begin XCConfigurationList section */
		0E04AD231D5A261A00A34072 /* Build configuration list for PBXAggregateTarget "Documentation" */ = {
			isa = XCConfigurationList;
			buildConfigurations = (
				0E04AD241D5A261A00A34072 /* Debug */,
				0E04AD251D5A261A00A34072 /* Release */,
			);
			defaultConfigurationIsVisible = 0;
			defaultConfigurationName = Release;
		};
		98AC4E20179681B1000A4F93 /* Build configuration list for PBXProject "GravityClientDemoApp" */ = {
			isa = XCConfigurationList;
			buildConfigurations = (
				98AC4E46179681B1000A4F93 /* Debug */,
				98AC4E47179681B1000A4F93 /* Release */,
			);
			defaultConfigurationIsVisible = 0;
			defaultConfigurationName = Release;
		};
		98AC4E48179681B1000A4F93 /* Build configuration list for PBXNativeTarget "GravityClientDemoApp" */ = {
			isa = XCConfigurationList;
			buildConfigurations = (
				98AC4E49179681B1000A4F93 /* Debug */,
				98AC4E4A179681B1000A4F93 /* Release */,
			);
			defaultConfigurationIsVisible = 0;
			defaultConfigurationName = Release;
		};
/* End XCConfigurationList section */
	};
	rootObject = 98AC4E1D179681B1000A4F93 /* Project object */;
}
